{
    "_readme": [
        "This file locks the dependencies of your project to a known state",
        "Read more about it at http://getcomposer.org/doc/01-basic-usage.md#composer-lock-the-lock-file",
        "This file is @generated automatically"
    ],
    "hash": "2d686596d052c84d3ed2ae66954b786a",
    "packages": [
        {
            "name": "ekowabaka/clearice",
            "version": "0.2.4",
            "source": {
                "type": "git",
                "url": "https://github.com/ekowabaka/clearice.git",
                "reference": "3482588c7d41a30345c38f699869824b8efec478"
            },
            "dist": {
                "type": "zip",
                "url": "https://api.github.com/repos/ekowabaka/clearice/zipball/3482588c7d41a30345c38f699869824b8efec478",
                "reference": "3482588c7d41a30345c38f699869824b8efec478",
                "shasum": ""
            },
            "require": {
                "php": ">=5.3.0"
            },
            "type": "library",
            "autoload": {
                "files": [
                    "ClearIce.php"
                ]
            },
            "notification-url": "https://packagist.org/downloads/",
            "license": [
                "MIT"
            ],
            "authors": [
                {
                    "name": "James Ekow Abaka Ainooson",
                    "email": "jainooson@gmail.com",
                    "homepage": "http://ekowabaka.me"
                }
            ],
            "description": "A tool for parsing command line arguments",
            "time": "2014-07-12 10:45:26"
        },
        {
            "name": "ekowabaka/php-markdown",
            "version": "1.4.1-patch1",
            "source": {
                "type": "git",
                "url": "https://github.com/ekowabaka/php-markdown",
                "reference": "3a8f6c6d238a7fbc82c7ae69733c8cdffd075b94"
            },
            "type": "library",
            "autoload": {
                "psr-0": {
                    "Michelf": ""
                }
            }
        },
        {
            "name": "mustache/mustache",
            "version": "v2.6.1",
            "source": {
                "type": "git",
                "url": "https://github.com/bobthecow/mustache.php.git",
                "reference": "1430ca884912eaba2b3830856b45685733b16789"
            },
            "dist": {
                "type": "zip",
                "url": "https://api.github.com/repos/bobthecow/mustache.php/zipball/1430ca884912eaba2b3830856b45685733b16789",
                "reference": "1430ca884912eaba2b3830856b45685733b16789",
                "shasum": ""
            },
            "require": {
                "php": ">=5.2.4"
            },
            "require-dev": {
                "phpunit/phpunit": "*"
            },
            "type": "library",
            "autoload": {
                "psr-0": {
                    "Mustache": "src/"
                }
            },
            "notification-url": "https://packagist.org/downloads/",
            "license": [
                "MIT"
            ],
            "authors": [
                {
                    "name": "Justin Hileman",
                    "email": "justin@justinhileman.info",
                    "homepage": "http://justinhileman.com"
                }
            ],
            "description": "A Mustache implementation in PHP.",
            "homepage": "https://github.com/bobthecow/mustache.php",
            "keywords": [
                "mustache",
                "templating"
            ],
            "time": "2014-06-20 19:34:49"
        },
        {
            "name": "netcarver/textile",
            "version": "v3.5.5",
            "source": {
                "type": "git",
                "url": "https://github.com/textile/php-textile.git",
                "reference": "1b95af533775316d09bd36a38bee2c0b804add12"
            },
            "dist": {
                "type": "zip",
                "url": "https://api.github.com/repos/textile/php-textile/zipball/1b95af533775316d09bd36a38bee2c0b804add12",
                "reference": "1b95af533775316d09bd36a38bee2c0b804add12",
                "shasum": ""
            },
            "require": {
                "php": ">=5.3.0"
            },
            "require-dev": {
                "phpunit/phpunit": "3.7.*",
                "satooshi/php-coveralls": "0.6.*",
                "squizlabs/php_codesniffer": "1.5.*",
                "symfony/yaml": "2.3.*"
            },
            "type": "library",
            "extra": {
                "branch-alias": {
                    "dev-master": "3.5-dev"
                }
            },
            "autoload": {
                "psr-0": {
                    "Netcarver\\Textile": "src/"
                }
            },
            "notification-url": "https://packagist.org/downloads/",
            "license": [
                "BSD-3-Clause"
            ],
            "description": "Textile markup language parser",
            "homepage": "https://github.com/textile/php-textile",
            "keywords": [
                "document",
                "format",
                "html",
                "language",
                "markup",
                "parser",
                "php-textile",
                "plaintext",
                "textile"
            ],
            "time": "2014-01-02 09:39:06"
        },
        {
            "name": "nikic/php-parser",
            "version": "dev-master",
            "source": {
                "type": "git",
                "url": "https://github.com/nikic/PHP-Parser.git",
                "reference": "2b96ab8edccd5a0d0e7a826a7dc53c421ae64f94"
            },
            "dist": {
                "type": "zip",
                "url": "https://api.github.com/repos/nikic/PHP-Parser/zipball/2b96ab8edccd5a0d0e7a826a7dc53c421ae64f94",
                "reference": "2b96ab8edccd5a0d0e7a826a7dc53c421ae64f94",
                "shasum": ""
            },
            "require": {
                "ext-tokenizer": "*",
                "php": ">=5.3"
            },
            "type": "library",
            "extra": {
                "branch-alias": {
                    "dev-master": "1.0-dev"
                }
            },
            "autoload": {
                "files": [
                    "lib/bootstrap.php"
                ]
            },
            "notification-url": "https://packagist.org/downloads/",
            "license": [
                "BSD-3-Clause"
            ],
            "authors": [
                {
                    "name": "Nikita Popov"
                }
            ],
            "description": "A PHP parser written in PHP",
            "keywords": [
                "parser",
                "php"
            ],
            "time": "2014-09-12 12:48:23"
        },
        {
            "name": "phpunit/php-timer",
            "version": "dev-master",
            "source": {
                "type": "git",
                "url": "https://github.com/sebastianbergmann/php-timer.git",
                "reference": "c22baf744a31f12c936c2e731decd9aad6a14d7c"
            },
            "dist": {
                "type": "zip",
                "url": "https://api.github.com/repos/sebastianbergmann/php-timer/zipball/c22baf744a31f12c936c2e731decd9aad6a14d7c",
                "reference": "c22baf744a31f12c936c2e731decd9aad6a14d7c",
                "shasum": ""
            },
            "require": {
                "php": ">=5.3.3"
            },
            "type": "library",
            "autoload": {
                "classmap": [
                    "PHP/"
                ]
            },
            "notification-url": "https://packagist.org/downloads/",
            "license": [
                "BSD-3-Clause"
            ],
            "authors": [
                {
                    "name": "Sebastian Bergmann",
                    "email": "sb@sebastian-bergmann.de",
                    "role": "lead"
                }
            ],
            "description": "Utility class for timing",
            "homepage": "https://github.com/sebastianbergmann/php-timer/",
            "keywords": [
                "timer"
            ],
            "time": "2014-08-14 16:53:32"
        },
        {
            "name": "theseer/directoryscanner",
            "version": "dev-master",
            "source": {
                "type": "git",
                "url": "https://github.com/theseer/DirectoryScanner.git",
                "reference": "cb6edc73d7ff717d1fa421620c408dd9b7e4745b"
            },
            "dist": {
                "type": "zip",
                "url": "https://api.github.com/repos/theseer/DirectoryScanner/zipball/cb6edc73d7ff717d1fa421620c408dd9b7e4745b",
                "reference": "cb6edc73d7ff717d1fa421620c408dd9b7e4745b",
                "shasum": ""
            },
            "require": {
                "php": ">=5.3.1"
            },
            "type": "library",
            "extra": {
                "branch-alias": {
                    "dev-master": "1.0.x-dev"
                }
            },
            "autoload": {
                "classmap": [
                    "src/"
                ]
            },
            "notification-url": "https://packagist.org/downloads/",
            "license": [
                "BSD-2-Clause"
            ],
            "authors": [
                {
                    "name": "Arne Blankerts",
                    "email": "arne@blankerts.de",
                    "role": "Developer"
                }
            ],
            "description": "A recursive directory scanner and filter",
            "time": "2014-04-08 22:13:20"
        },
        {
            "name": "theseer/fdomdocument",
            "version": "dev-master",
            "source": {
                "type": "git",
                "url": "https://github.com/theseer/fDOMDocument.git",
                "reference": "8792b1786353f88b4888867f1408ce0bbcce5278"
            },
            "dist": {
                "type": "zip",
                "url": "https://api.github.com/repos/theseer/fDOMDocument/zipball/8792b1786353f88b4888867f1408ce0bbcce5278",
                "reference": "8792b1786353f88b4888867f1408ce0bbcce5278",
                "shasum": ""
            },
            "require": {
                "ext-dom": "*",
                "lib-libxml": "*",
                "php": ">=5.3.3"
            },
            "type": "library",
            "autoload": {
                "classmap": [
                    "src/"
                ]
            },
            "notification-url": "https://packagist.org/downloads/",
            "license": [
                "BSD-3-Clause"
            ],
            "authors": [
                {
                    "name": "Arne Blankerts",
                    "email": "arne@blankerts.de",
                    "role": "lead"
                }
            ],
            "description": "The classes contained within this repository extend the standard DOM to use exceptions at all occasions of errors instead of PHP warnings or notices. They also add various custom methods and shortcuts for convenience and to simplify the usage of DOM.",
            "homepage": "https://github.com/theseer/fDOMDocument",
            "time": "2014-09-13 14:56:40"
        },
        {
            "name": "theseer/fxsl",
            "version": "dev-master",
            "source": {
                "type": "git",
                "url": "https://github.com/theseer/fXSL.git",
                "reference": "4445de44efe6f329af83d00f02d4a56f81d07c5d"
            },
            "dist": {
                "type": "zip",
                "url": "https://api.github.com/repos/theseer/fXSL/zipball/4445de44efe6f329af83d00f02d4a56f81d07c5d",
                "reference": "4445de44efe6f329af83d00f02d4a56f81d07c5d",
                "shasum": ""
            },
            "require": {
                "ext-dom": "*",
                "ext-libxml": "*",
                "ext-xsl": "*",
                "php": ">=5.3.3"
            },
            "type": "library",
            "extra": {
                "branch-alias": {
                    "dev-master": "1.0.x-dev"
                }
            },
            "autoload": {
                "classmap": [
                    "src/"
                ]
            },
            "notification-url": "https://packagist.org/downloads/",
            "license": [
                "BSD-2-Clause"
            ],
            "authors": [
                {
                    "name": "Arne Blankerts",
                    "email": "arne@blankerts.de",
                    "role": "Developer"
                }
            ],
            "description": "An XSL wrapper / extension to the PHP 5.x XSLTProcessor with Exception and extended Callback support",
            "time": "2014-02-05 20:32:34"
        },
        {
            "name": "theseer/phpdox",
            "version": "0.7.0",
            "source": {
                "type": "git",
                "url": "https://github.com/theseer/phpdox.git",
                "reference": "18ca0c645c5980d08edf44f701b2108f241b0425"
            },
            "dist": {
                "type": "zip",
                "url": "https://api.github.com/repos/theseer/phpdox/zipball/18ca0c645c5980d08edf44f701b2108f241b0425",
                "reference": "18ca0c645c5980d08edf44f701b2108f241b0425",
                "shasum": ""
            },
            "require": {
                "ext-dom": "*",
                "ext-fileinfo": "*",
                "ext-iconv": "*",
                "ext-mbstring": "*",
                "ext-tokenizer": "*",
                "ext-xsl": "*",
                "nikic/php-parser": ">=1.0.0",
                "php": ">=5.3.3",
                "phpunit/php-timer": ">=1.0.4",
                "theseer/directoryscanner": ">=1.3.0",
                "theseer/fdomdocument": ">=1.5.0",
                "theseer/fxsl": ">=1.1"
            },
            "bin": [
                "composer/bin/phpdox"
            ],
            "type": "library",
            "extra": {
                "branch-alias": {
                    "dev-master": "0.5.x-dev"
                }
            },
            "autoload": {
                "classmap": [
                    "src/"
                ]
            },
            "notification-url": "https://packagist.org/downloads/",
            "license": [
                "BSD-3-Clause"
            ],
            "authors": [
                {
                    "name": "Arne Blankerts",
                    "email": "arne@blankerts.de",
                    "role": "Developer"
                }
            ],
            "description": "A fast Documentation generator for PHP Code using standard technology (SRC, DOCBLOCK, XML and XSLT) with event based processing",
            "time": "2014-09-11 09:37:32"
        }
    ],
    "packages-dev": [],
    "aliases": [],
    "minimum-stability": "dev",
    "stability-flags": [],
    "prefer-stable": false,
    "platform": [],
    "platform-dev": []
}
